// !$*UTF8*$!
{
	archiveVersion = 1;
	classes = {
	};
	objectVersion = 50;
	objects = {

/* Begin PBXBuildFile section */
		290CC4A82208370A00C47C48 /* AppDelegate.swift in Sources */ = {isa = PBXBuildFile; fileRef = 290CC4A72208370A00C47C48 /* AppDelegate.swift */; };
		290CC4AF2208370C00C47C48 /* Assets.xcassets in Resources */ = {isa = PBXBuildFile; fileRef = 290CC4AE2208370C00C47C48 /* Assets.xcassets */; };
		290CC4B22208370C00C47C48 /* LaunchScreen.storyboard in Resources */ = {isa = PBXBuildFile; fileRef = 290CC4B02208370C00C47C48 /* LaunchScreen.storyboard */; };
		290CC4BD2208370C00C47C48 /* CloneAppstoreTests.swift in Sources */ = {isa = PBXBuildFile; fileRef = 290CC4BC2208370C00C47C48 /* CloneAppstoreTests.swift */; };
		294F8B65220837FC00647810 /* FeatureListViewController.swift in Sources */ = {isa = PBXBuildFile; fileRef = 294F8B64220837FC00647810 /* FeatureListViewController.swift */; };
		294F8B672208384E00647810 /* BaseViewController.swift in Sources */ = {isa = PBXBuildFile; fileRef = 294F8B662208384E00647810 /* BaseViewController.swift */; };
		2F2500DF4C6BE129F3F1DC80 /* Pods_CloneAppstore.framework in Frameworks */ = {isa = PBXBuildFile; fileRef = 641343721E87AD64B4EE272B /* Pods_CloneAppstore.framework */; };
		7EE41EDF3BB45AFE53FC5691 /* Pods_CloneAppstoreTests.framework in Frameworks */ = {isa = PBXBuildFile; fileRef = 8C8884212CF27879CB284D14 /* Pods_CloneAppstoreTests.framework */; };
/* End PBXBuildFile section */

/* Begin PBXContainerItemProxy section */
		290CC4B92208370C00C47C48 /* PBXContainerItemProxy */ = {
			isa = PBXContainerItemProxy;
			containerPortal = 290CC49C2208370A00C47C48 /* Project object */;
			proxyType = 1;
			remoteGlobalIDString = 290CC4A32208370A00C47C48;
			remoteInfo = CloneAppstore;
		};
/* End PBXContainerItemProxy section */

/* Begin PBXFileReference section */
		1062679CD59263D0856E63A4 /* Pods-CloneAppstoreTests.release.xcconfig */ = {isa = PBXFileReference; includeInIndex = 1; lastKnownFileType = text.xcconfig; name = "Pods-CloneAppstoreTests.release.xcconfig"; path = "Target Support Files/Pods-CloneAppstoreTests/Pods-CloneAppstoreTests.release.xcconfig"; sourceTree = "<group>"; };
		290CC4A42208370A00C47C48 /* CloneAppstore.app */ = {isa = PBXFileReference; explicitFileType = wrapper.application; includeInIndex = 0; path = CloneAppstore.app; sourceTree = BUILT_PRODUCTS_DIR; };
		290CC4A72208370A00C47C48 /* AppDelegate.swift */ = {isa = PBXFileReference; lastKnownFileType = sourcecode.swift; path = AppDelegate.swift; sourceTree = "<group>"; };
		290CC4AE2208370C00C47C48 /* Assets.xcassets */ = {isa = PBXFileReference; lastKnownFileType = folder.assetcatalog; path = Assets.xcassets; sourceTree = "<group>"; };
		290CC4B12208370C00C47C48 /* Base */ = {isa = PBXFileReference; lastKnownFileType = file.storyboard; name = Base; path = Base.lproj/LaunchScreen.storyboard; sourceTree = "<group>"; };
		290CC4B32208370C00C47C48 /* Info.plist */ = {isa = PBXFileReference; lastKnownFileType = text.plist.xml; path = Info.plist; sourceTree = "<group>"; };
		290CC4B82208370C00C47C48 /* CloneAppstoreTests.xctest */ = {isa = PBXFileReference; explicitFileType = wrapper.cfbundle; includeInIndex = 0; path = CloneAppstoreTests.xctest; sourceTree = BUILT_PRODUCTS_DIR; };
		290CC4BC2208370C00C47C48 /* CloneAppstoreTests.swift */ = {isa = PBXFileReference; lastKnownFileType = sourcecode.swift; path = CloneAppstoreTests.swift; sourceTree = "<group>"; };
		290CC4BE2208370C00C47C48 /* Info.plist */ = {isa = PBXFileReference; lastKnownFileType = text.plist.xml; path = Info.plist; sourceTree = "<group>"; };
		294F8B64220837FC00647810 /* FeatureListViewController.swift */ = {isa = PBXFileReference; lastKnownFileType = sourcecode.swift; path = FeatureListViewController.swift; sourceTree = "<group>"; };
		294F8B662208384E00647810 /* BaseViewController.swift */ = {isa = PBXFileReference; lastKnownFileType = sourcecode.swift; path = BaseViewController.swift; sourceTree = "<group>"; };
		356DA156D95BAE20DF79425B /* Pods-CloneAppstore.debug.xcconfig */ = {isa = PBXFileReference; includeInIndex = 1; lastKnownFileType = text.xcconfig; name = "Pods-CloneAppstore.debug.xcconfig"; path = "Target Support Files/Pods-CloneAppstore/Pods-CloneAppstore.debug.xcconfig"; sourceTree = "<group>"; };
		641343721E87AD64B4EE272B /* Pods_CloneAppstore.framework */ = {isa = PBXFileReference; explicitFileType = wrapper.framework; includeInIndex = 0; path = Pods_CloneAppstore.framework; sourceTree = BUILT_PRODUCTS_DIR; };
		8C8884212CF27879CB284D14 /* Pods_CloneAppstoreTests.framework */ = {isa = PBXFileReference; explicitFileType = wrapper.framework; includeInIndex = 0; path = Pods_CloneAppstoreTests.framework; sourceTree = BUILT_PRODUCTS_DIR; };
		ACC11BCEBBBA8D1EDBA94F62 /* Pods-CloneAppstoreTests.debug.xcconfig */ = {isa = PBXFileReference; includeInIndex = 1; lastKnownFileType = text.xcconfig; name = "Pods-CloneAppstoreTests.debug.xcconfig"; path = "Target Support Files/Pods-CloneAppstoreTests/Pods-CloneAppstoreTests.debug.xcconfig"; sourceTree = "<group>"; };
		C09E750F5A7FD0B0EBD9674B /* Pods-CloneAppstore.release.xcconfig */ = {isa = PBXFileReference; includeInIndex = 1; lastKnownFileType = text.xcconfig; name = "Pods-CloneAppstore.release.xcconfig"; path = "Target Support Files/Pods-CloneAppstore/Pods-CloneAppstore.release.xcconfig"; sourceTree = "<group>"; };
/* End PBXFileReference section */

/* Begin PBXFrameworksBuildPhase section */
		290CC4A12208370A00C47C48 /* Frameworks */ = {
			isa = PBXFrameworksBuildPhase;
			buildActionMask = 2147483647;
			files = (
				2F2500DF4C6BE129F3F1DC80 /* Pods_CloneAppstore.framework in Frameworks */,
			);
			runOnlyForDeploymentPostprocessing = 0;
		};
		290CC4B52208370C00C47C48 /* Frameworks */ = {
			isa = PBXFrameworksBuildPhase;
			buildActionMask = 2147483647;
			files = (
				7EE41EDF3BB45AFE53FC5691 /* Pods_CloneAppstoreTests.framework in Frameworks */,
			);
			runOnlyForDeploymentPostprocessing = 0;
		};
/* End PBXFrameworksBuildPhase section */

/* Begin PBXGroup section */
		290CC49B2208370A00C47C48 = {
			isa = PBXGroup;
			children = (
				290CC4A62208370A00C47C48 /* CloneAppstore */,
				290CC4BB2208370C00C47C48 /* CloneAppstoreTests */,
				290CC4A52208370A00C47C48 /* Products */,
				CB097A5A578A653119D80791 /* Pods */,
				E83E8F6556F5F26753BA63A1 /* Frameworks */,
			);
			sourceTree = "<group>";
		};
		290CC4A52208370A00C47C48 /* Products */ = {
			isa = PBXGroup;
			children = (
				290CC4A42208370A00C47C48 /* CloneAppstore.app */,
				290CC4B82208370C00C47C48 /* CloneAppstoreTests.xctest */,
			);
			name = Products;
			sourceTree = "<group>";
		};
		290CC4A62208370A00C47C48 /* CloneAppstore */ = {
			isa = PBXGroup;
			children = (
				290CC4A72208370A00C47C48 /* AppDelegate.swift */,
				294F8B632208379800647810 /* DIContainer */,
				294F8B612208376800647810 /* ViewModel */,
				294F8B602208376400647810 /* View */,
				294F8B5F2208375E00647810 /* Model */,
				290CC4C72208371900C47C48 /* Resources */,
			);
			path = CloneAppstore;
			sourceTree = "<group>";
		};
		290CC4BB2208370C00C47C48 /* CloneAppstoreTests */ = {
			isa = PBXGroup;
			children = (
				290CC4BC2208370C00C47C48 /* CloneAppstoreTests.swift */,
				290CC4BE2208370C00C47C48 /* Info.plist */,
			);
			path = CloneAppstoreTests;
			sourceTree = "<group>";
		};
		290CC4C72208371900C47C48 /* Resources */ = {
			isa = PBXGroup;
			children = (
				290CC4AE2208370C00C47C48 /* Assets.xcassets */,
				290CC4B02208370C00C47C48 /* LaunchScreen.storyboard */,
				290CC4B32208370C00C47C48 /* Info.plist */,
			);
			path = Resources;
			sourceTree = "<group>";
		};
		294F8B5F2208375E00647810 /* Model */ = {
			isa = PBXGroup;
			children = (
			);
			path = Model;
			sourceTree = "<group>";
		};
		294F8B602208376400647810 /* View */ = {
			isa = PBXGroup;
			children = (
				294F8B622208378600647810 /* ViewController */,
			);
			path = View;
			sourceTree = "<group>";
		};
		294F8B612208376800647810 /* ViewModel */ = {
			isa = PBXGroup;
			children = (
			);
			path = ViewModel;
			sourceTree = "<group>";
		};
		294F8B622208378600647810 /* ViewController */ = {
			isa = PBXGroup;
			children = (
				294F8B64220837FC00647810 /* FeatureListViewController.swift */,
				294F8B662208384E00647810 /* BaseViewController.swift */,
			);
			path = ViewController;
			sourceTree = "<group>";
		};
		294F8B632208379800647810 /* DIContainer */ = {
			isa = PBXGroup;
			children = (
			);
			path = DIContainer;
			sourceTree = "<group>";
		};
		CB097A5A578A653119D80791 /* Pods */ = {
			isa = PBXGroup;
			children = (
				356DA156D95BAE20DF79425B /* Pods-CloneAppstore.debug.xcconfig */,
				C09E750F5A7FD0B0EBD9674B /* Pods-CloneAppstore.release.xcconfig */,
				ACC11BCEBBBA8D1EDBA94F62 /* Pods-CloneAppstoreTests.debug.xcconfig */,
				1062679CD59263D0856E63A4 /* Pods-CloneAppstoreTests.release.xcconfig */,
			);
			name = Pods;
			path = Pods;
			sourceTree = "<group>";
		};
		E83E8F6556F5F26753BA63A1 /* Frameworks */ = {
			isa = PBXGroup;
			children = (
				641343721E87AD64B4EE272B /* Pods_CloneAppstore.framework */,
				8C8884212CF27879CB284D14 /* Pods_CloneAppstoreTests.framework */,
			);
			name = Frameworks;
			sourceTree = "<group>";
		};
/* End PBXGroup section */

/* Begin PBXNativeTarget section */
		290CC4A32208370A00C47C48 /* CloneAppstore */ = {
			isa = PBXNativeTarget;
			buildConfigurationList = 290CC4C12208370C00C47C48 /* Build configuration list for PBXNativeTarget "CloneAppstore" */;
			buildPhases = (
				FEDA15DC9F9CC44AA39F5FC2 /* [CP] Check Pods Manifest.lock */,
				290CC4A02208370A00C47C48 /* Sources */,
				290CC4A12208370A00C47C48 /* Frameworks */,
				290CC4A22208370A00C47C48 /* Resources */,
			);
			buildRules = (
			);
			dependencies = (
			);
			name = CloneAppstore;
			productName = CloneAppstore;
			productReference = 290CC4A42208370A00C47C48 /* CloneAppstore.app */;
			productType = "com.apple.product-type.application";
		};
		290CC4B72208370C00C47C48 /* CloneAppstoreTests */ = {
			isa = PBXNativeTarget;
			buildConfigurationList = 290CC4C42208370C00C47C48 /* Build configuration list for PBXNativeTarget "CloneAppstoreTests" */;
			buildPhases = (
				8D04AD3F68937ADA7D88F367 /* [CP] Check Pods Manifest.lock */,
				290CC4B42208370C00C47C48 /* Sources */,
				290CC4B52208370C00C47C48 /* Frameworks */,
				290CC4B62208370C00C47C48 /* Resources */,
			);
			buildRules = (
			);
			dependencies = (
				290CC4BA2208370C00C47C48 /* PBXTargetDependency */,
			);
			name = CloneAppstoreTests;
			productName = CloneAppstoreTests;
			productReference = 290CC4B82208370C00C47C48 /* CloneAppstoreTests.xctest */;
			productType = "com.apple.product-type.bundle.unit-test";
		};
/* End PBXNativeTarget section */

/* Begin PBXProject section */
		290CC49C2208370A00C47C48 /* Project object */ = {
			isa = PBXProject;
			attributes = {
				LastSwiftUpdateCheck = 1010;
				LastUpgradeCheck = 1010;
				ORGANIZATIONNAME = "Scott Moon";
				TargetAttributes = {
					290CC4A32208370A00C47C48 = {
						CreatedOnToolsVersion = 10.1;
					};
					290CC4B72208370C00C47C48 = {
						CreatedOnToolsVersion = 10.1;
						TestTargetID = 290CC4A32208370A00C47C48;
					};
				};
			};
			buildConfigurationList = 290CC49F2208370A00C47C48 /* Build configuration list for PBXProject "CloneAppstore" */;
			compatibilityVersion = "Xcode 9.3";
			developmentRegion = en;
			hasScannedForEncodings = 0;
			knownRegions = (
				en,
				Base,
			);
			mainGroup = 290CC49B2208370A00C47C48;
			productRefGroup = 290CC4A52208370A00C47C48 /* Products */;
			projectDirPath = "";
			projectRoot = "";
			targets = (
				290CC4A32208370A00C47C48 /* CloneAppstore */,
				290CC4B72208370C00C47C48 /* CloneAppstoreTests */,
			);
		};
/* End PBXProject section */

/* Begin PBXResourcesBuildPhase section */
		290CC4A22208370A00C47C48 /* Resources */ = {
			isa = PBXResourcesBuildPhase;
			buildActionMask = 2147483647;
			files = (
				290CC4B22208370C00C47C48 /* LaunchScreen.storyboard in Resources */,
				290CC4AF2208370C00C47C48 /* Assets.xcassets in Resources */,
			);
			runOnlyForDeploymentPostprocessing = 0;
		};
		290CC4B62208370C00C47C48 /* Resources */ = {
			isa = PBXResourcesBuildPhase;
			buildActionMask = 2147483647;
			files = (
			);
			runOnlyForDeploymentPostprocessing = 0;
		};
/* End PBXResourcesBuildPhase section */

/* Begin PBXShellScriptBuildPhase section */
		8D04AD3F68937ADA7D88F367 /* [CP] Check Pods Manifest.lock */ = {
			isa = PBXShellScriptBuildPhase;
			buildActionMask = 2147483647;
			files = (
			);
			inputFileListPaths = (
			);
			inputPaths = (
				"${PODS_PODFILE_DIR_PATH}/Podfile.lock",
				"${PODS_ROOT}/Manifest.lock",
			);
			name = "[CP] Check Pods Manifest.lock";
			outputFileListPaths = (
			);
			outputPaths = (
				"$(DERIVED_FILE_DIR)/Pods-CloneAppstoreTests-checkManifestLockResult.txt",
			);
			runOnlyForDeploymentPostprocessing = 0;
			shellPath = /bin/sh;
			shellScript = "diff \"${PODS_PODFILE_DIR_PATH}/Podfile.lock\" \"${PODS_ROOT}/Manifest.lock\" > /dev/null\nif [ $? != 0 ] ; then\n    # print error to STDERR\n    echo \"error: The sandbox is not in sync with the Podfile.lock. Run 'pod install' or update your CocoaPods installation.\" >&2\n    exit 1\nfi\n# This output is used by Xcode 'outputs' to avoid re-running this script phase.\necho \"SUCCESS\" > \"${SCRIPT_OUTPUT_FILE_0}\"\n";
			showEnvVarsInLog = 0;
		};
		FEDA15DC9F9CC44AA39F5FC2 /* [CP] Check Pods Manifest.lock */ = {
			isa = PBXShellScriptBuildPhase;
			buildActionMask = 2147483647;
			files = (
			);
			inputFileListPaths = (
			);
			inputPaths = (
				"${PODS_PODFILE_DIR_PATH}/Podfile.lock",
				"${PODS_ROOT}/Manifest.lock",
			);
			name = "[CP] Check Pods Manifest.lock";
			outputFileListPaths = (
			);
			outputPaths = (
				"$(DERIVED_FILE_DIR)/Pods-CloneAppstore-checkManifestLockResult.txt",
			);
			runOnlyForDeploymentPostprocessing = 0;
			shellPath = /bin/sh;
			shellScript = "diff \"${PODS_PODFILE_DIR_PATH}/Podfile.lock\" \"${PODS_ROOT}/Manifest.lock\" > /dev/null\nif [ $? != 0 ] ; then\n    # print error to STDERR\n    echo \"error: The sandbox is not in sync with the Podfile.lock. Run 'pod install' or update your CocoaPods installation.\" >&2\n    exit 1\nfi\n# This output is used by Xcode 'outputs' to avoid re-running this script phase.\necho \"SUCCESS\" > \"${SCRIPT_OUTPUT_FILE_0}\"\n";
			showEnvVarsInLog = 0;
		};
/* End PBXShellScriptBuildPhase section */

/* Begin PBXSourcesBuildPhase section */
		290CC4A02208370A00C47C48 /* Sources */ = {
			isa = PBXSourcesBuildPhase;
			buildActionMask = 2147483647;
			files = (
				290CC4A82208370A00C47C48 /* AppDelegate.swift in Sources */,
				294F8B65220837FC00647810 /* FeatureListViewController.swift in Sources */,
				294F8B672208384E00647810 /* BaseViewController.swift in Sources */,
			);
			runOnlyForDeploymentPostprocessing = 0;
		};
		290CC4B42208370C00C47C48 /* Sources */ = {
			isa = PBXSourcesBuildPhase;
			buildActionMask = 2147483647;
			files = (
				290CC4BD2208370C00C47C48 /* CloneAppstoreTests.swift in Sources */,
			);
			runOnlyForDeploymentPostprocessing = 0;
		};
/* End PBXSourcesBuildPhase section */

/* Begin PBXTargetDependency section */
		290CC4BA2208370C00C47C48 /* PBXTargetDependency */ = {
			isa = PBXTargetDependency;
			target = 290CC4A32208370A00C47C48 /* CloneAppstore */;
			targetProxy = 290CC4B92208370C00C47C48 /* PBXContainerItemProxy */;
		};
/* End PBXTargetDependency section */

/* Begin PBXVariantGroup section */
		290CC4B02208370C00C47C48 /* LaunchScreen.storyboard */ = {
			isa = PBXVariantGroup;
			children = (
				290CC4B12208370C00C47C48 /* Base */,
			);
			name = LaunchScreen.storyboard;
			sourceTree = "<group>";
		};
/* End PBXVariantGroup section */

/* Begin XCBuildConfiguration section */
		290CC4BF2208370C00C47C48 /* Debug */ = {
			isa = XCBuildConfiguration;
			buildSettings = {
				ALWAYS_SEARCH_USER_PATHS = NO;
				CLANG_ANALYZER_NONNULL = YES;
				CLANG_ANALYZER_NUMBER_OBJECT_CONVERSION = YES_AGGRESSIVE;
				CLANG_CXX_LANGUAGE_STANDARD = "gnu++14";
				CLANG_CXX_LIBRARY = "libc++";
				CLANG_ENABLE_MODULES = YES;
				CLANG_ENABLE_OBJC_ARC = YES;
				CLANG_ENABLE_OBJC_WEAK = YES;
				CLANG_WARN_BLOCK_CAPTURE_AUTORELEASING = YES;
				CLANG_WARN_BOOL_CONVERSION = YES;
				CLANG_WARN_COMMA = YES;
				CLANG_WARN_CONSTANT_CONVERSION = YES;
				CLANG_WARN_DEPRECATED_OBJC_IMPLEMENTATIONS = YES;
				CLANG_WARN_DIRECT_OBJC_ISA_USAGE = YES_ERROR;
				CLANG_WARN_DOCUMENTATION_COMMENTS = YES;
				CLANG_WARN_EMPTY_BODY = YES;
				CLANG_WARN_ENUM_CONVERSION = YES;
				CLANG_WARN_INFINITE_RECURSION = YES;
				CLANG_WARN_INT_CONVERSION = YES;
				CLANG_WARN_NON_LITERAL_NULL_CONVERSION = YES;
				CLANG_WARN_OBJC_IMPLICIT_RETAIN_SELF = YES;
				CLANG_WARN_OBJC_LITERAL_CONVERSION = YES;
				CLANG_WARN_OBJC_ROOT_CLASS = YES_ERROR;
				CLANG_WARN_RANGE_LOOP_ANALYSIS = YES;
				CLANG_WARN_STRICT_PROTOTYPES = YES;
				CLANG_WARN_SUSPICIOUS_MOVE = YES;
				CLANG_WARN_UNGUARDED_AVAILABILITY = YES_AGGRESSIVE;
				CLANG_WARN_UNREACHABLE_CODE = YES;
				CLANG_WARN__DUPLICATE_METHOD_MATCH = YES;
				CODE_SIGN_IDENTITY = "iPhone Developer";
				COPY_PHASE_STRIP = NO;
				DEBUG_INFORMATION_FORMAT = dwarf;
				ENABLE_STRICT_OBJC_MSGSEND = YES;
				ENABLE_TESTABILITY = YES;
				GCC_C_LANGUAGE_STANDARD = gnu11;
				GCC_DYNAMIC_NO_PIC = NO;
				GCC_NO_COMMON_BLOCKS = YES;
				GCC_OPTIMIZATION_LEVEL = 0;
				GCC_PREPROCESSOR_DEFINITIONS = (
					"DEBUG=1",
					"$(inherited)",
				);
				GCC_WARN_64_TO_32_BIT_CONVERSION = YES;
				GCC_WARN_ABOUT_RETURN_TYPE = YES_ERROR;
				GCC_WARN_UNDECLARED_SELECTOR = YES;
				GCC_WARN_UNINITIALIZED_AUTOS = YES_AGGRESSIVE;
				GCC_WARN_UNUSED_FUNCTION = YES;
				GCC_WARN_UNUSED_VARIABLE = YES;
				IPHONEOS_DEPLOYMENT_TARGET = 12.1;
				MTL_ENABLE_DEBUG_INFO = INCLUDE_SOURCE;
				MTL_FAST_MATH = YES;
				ONLY_ACTIVE_ARCH = YES;
				SDKROOT = iphoneos;
				SWIFT_ACTIVE_COMPILATION_CONDITIONS = DEBUG;
				SWIFT_OPTIMIZATION_LEVEL = "-Onone";
			};
			name = Debug;
		};
		290CC4C02208370C00C47C48 /* Release */ = {
			isa = XCBuildConfiguration;
			buildSettings = {
				ALWAYS_SEARCH_USER_PATHS = NO;
				CLANG_ANALYZER_NONNULL = YES;
				CLANG_ANALYZER_NUMBER_OBJECT_CONVERSION = YES_AGGRESSIVE;
				CLANG_CXX_LANGUAGE_STANDARD = "gnu++14";
				CLANG_CXX_LIBRARY = "libc++";
				CLANG_ENABLE_MODULES = YES;
				CLANG_ENABLE_OBJC_ARC = YES;
				CLANG_ENABLE_OBJC_WEAK = YES;
				CLANG_WARN_BLOCK_CAPTURE_AUTORELEASING = YES;
				CLANG_WARN_BOOL_CONVERSION = YES;
				CLANG_WARN_COMMA = YES;
				CLANG_WARN_CONSTANT_CONVERSION = YES;
				CLANG_WARN_DEPRECATED_OBJC_IMPLEMENTATIONS = YES;
				CLANG_WARN_DIRECT_OBJC_ISA_USAGE = YES_ERROR;
				CLANG_WARN_DOCUMENTATION_COMMENTS = YES;
				CLANG_WARN_EMPTY_BODY = YES;
				CLANG_WARN_ENUM_CONVERSION = YES;
				CLANG_WARN_INFINITE_RECURSION = YES;
				CLANG_WARN_INT_CONVERSION = YES;
				CLANG_WARN_NON_LITERAL_NULL_CONVERSION = YES;
				CLANG_WARN_OBJC_IMPLICIT_RETAIN_SELF = YES;
				CLANG_WARN_OBJC_LITERAL_CONVERSION = YES;
				CLANG_WARN_OBJC_ROOT_CLASS = YES_ERROR;
				CLANG_WARN_RANGE_LOOP_ANALYSIS = YES;
				CLANG_WARN_STRICT_PROTOTYPES = YES;
				CLANG_WARN_SUSPICIOUS_MOVE = YES;
				CLANG_WARN_UNGUARDED_AVAILABILITY = YES_AGGRESSIVE;
				CLANG_WARN_UNREACHABLE_CODE = YES;
				CLANG_WARN__DUPLICATE_METHOD_MATCH = YES;
				CODE_SIGN_IDENTITY = "iPhone Developer";
				COPY_PHASE_STRIP = NO;
				DEBUG_INFORMATION_FORMAT = "dwarf-with-dsym";
				ENABLE_NS_ASSERTIONS = NO;
				ENABLE_STRICT_OBJC_MSGSEND = YES;
				GCC_C_LANGUAGE_STANDARD = gnu11;
				GCC_NO_COMMON_BLOCKS = YES;
				GCC_WARN_64_TO_32_BIT_CONVERSION = YES;
				GCC_WARN_ABOUT_RETURN_TYPE = YES_ERROR;
				GCC_WARN_UNDECLARED_SELECTOR = YES;
				GCC_WARN_UNINITIALIZED_AUTOS = YES_AGGRESSIVE;
				GCC_WARN_UNUSED_FUNCTION = YES;
				GCC_WARN_UNUSED_VARIABLE = YES;
				IPHONEOS_DEPLOYMENT_TARGET = 12.1;
				MTL_ENABLE_DEBUG_INFO = NO;
				MTL_FAST_MATH = YES;
				SDKROOT = iphoneos;
				SWIFT_COMPILATION_MODE = wholemodule;
				SWIFT_OPTIMIZATION_LEVEL = "-O";
				VALIDATE_PRODUCT = YES;
			};
			name = Release;
		};
		290CC4C22208370C00C47C48 /* Debug */ = {
			isa = XCBuildConfiguration;
			baseConfigurationReference = 356DA156D95BAE20DF79425B /* Pods-CloneAppstore.debug.xcconfig */;
			buildSettings = {
				ASSETCATALOG_COMPILER_APPICON_NAME = AppIcon;
				CODE_SIGN_STYLE = Automatic;
				INFOPLIST_FILE = "$(SRCROOT)/CloneAppstore/Resources/Info.plist";
				LD_RUNPATH_SEARCH_PATHS = (
					"$(inherited)",
					"@executable_path/Frameworks",
				);
				PRODUCT_BUNDLE_IDENTIFIER = com.github.jiwonsis.CloneAppstore;
				PRODUCT_NAME = "$(TARGET_NAME)";
				SWIFT_VERSION = 4.2;
				TARGETED_DEVICE_FAMILY = "1,2";
			};
			name = Debug;
		};
		290CC4C32208370C00C47C48 /* Release */ = {
			isa = XCBuildConfiguration;
			baseConfigurationReference = C09E750F5A7FD0B0EBD9674B /* Pods-CloneAppstore.release.xcconfig */;
			buildSettings = {
				ASSETCATALOG_COMPILER_APPICON_NAME = AppIcon;
				CODE_SIGN_STYLE = Automatic;
				INFOPLIST_FILE = "$(SRCROOT)/CloneAppstore/Resources/Info.plist";
				LD_RUNPATH_SEARCH_PATHS = (
					"$(inherited)",
					"@executable_path/Frameworks",
				);
				PRODUCT_BUNDLE_IDENTIFIER = com.github.jiwonsis.CloneAppstore;
				PRODUCT_NAME = "$(TARGET_NAME)";
				SWIFT_VERSION = 4.2;
				TARGETED_DEVICE_FAMILY = "1,2";
			};
			name = Release;
		};
		290CC4C52208370C00C47C48 /* Debug */ = {
			isa = XCBuildConfiguration;
			baseConfigurationReference = ACC11BCEBBBA8D1EDBA94F62 /* Pods-CloneAppstoreTests.debug.xcconfig */;
			buildSettings = {
				ALWAYS_EMBED_SWIFT_STANDARD_LIBRARIES = YES;
				BUNDLE_LOADER = "$(TEST_HOST)";
				CODE_SIGN_STYLE = Automatic;
				INFOPLIST_FILE = CloneAppstoreTests/Info.plist;
				LD_RUNPATH_SEARCH_PATHS = (
					"$(inherited)",
					"@executable_path/Frameworks",
					"@loader_path/Frameworks",
				);
				PRODUCT_BUNDLE_IDENTIFIER = com.github.jiwonsis.CloneAppstoreTests;
				PRODUCT_NAME = "$(TARGET_NAME)";
				SWIFT_VERSION = 4.2;
				TARGETED_DEVICE_FAMILY = "1,2";
				TEST_HOST = "$(BUILT_PRODUCTS_DIR)/CloneAppstore.app/CloneAppstore";
			};
			name = Debug;
		};
		290CC4C62208370C00C47C48 /* Release */ = {
			isa = XCBuildConfiguration;
			baseConfigurationReference = 1062679CD59263D0856E63A4 /* Pods-CloneAppstoreTests.release.xcconfig */;
			buildSettings = {
				ALWAYS_EMBED_SWIFT_STANDARD_LIBRARIES = YES;
				BUNDLE_LOADER = "$(TEST_HOST)";
				CODE_SIGN_STYLE = Automatic;
				INFOPLIST_FILE = CloneAppstoreTests/Info.plist;
				LD_RUNPATH_SEARCH_PATHS = (
					"$(inherited)",
					"@executable_path/Frameworks",
					"@loader_path/Frameworks",
				);
				PRODUCT_BUNDLE_IDENTIFIER = com.github.jiwonsis.CloneAppstoreTests;
				PRODUCT_NAME = "$(TARGET_NAME)";
				SWIFT_VERSION = 4.2;
				TARGETED_DEVICE_FAMILY = "1,2";
				TEST_HOST = "$(BUILT_PRODUCTS_DIR)/CloneAppstore.app/CloneAppstore";
			};
			name = Release;
		};
/* End XCBuildConfiguration section */

/* Begin XCConfigurationList section */
		290CC49F2208370A00C47C48 /* Build configuration list for PBXProject "CloneAppstore" */ = {
			isa = XCConfigurationList;
			buildConfigurations = (
				290CC4BF2208370C00C47C48 /* Debug */,
				290CC4C02208370C00C47C48 /* Release */,
			);
			defaultConfigurationIsVisible = 0;
			defaultConfigurationName = Release;
		};
		290CC4C12208370C00C47C48 /* Build configuration list for PBXNativeTarget "CloneAppstore" */ = {
			isa = XCConfigurationList;
			buildConfigurations = (
				290CC4C22208370C00C47C48 /* Debug */,
				290CC4C32208370C00C47C48 /* Release */,
			);
			defaultConfigurationIsVisible = 0;
			defaultConfigurationName = Release;
		};
		290CC4C42208370C00C47C48 /* Build configuration list for PBXNativeTarget "CloneAppstoreTests" */ = {
			isa = XCConfigurationList;
			buildConfigurations = (
				290CC4C52208370C00C47C48 /* Debug */,
				290CC4C62208370C00C47C48 /* Release */,
			);
			defaultConfigurationIsVisible = 0;
			defaultConfigurationName = Release;
		};
/* End XCConfigurationList section */
	};
	rootObject = 290CC49C2208370A00C47C48 /* Project object */;
}
