// !$*UTF8*$!
{
	archiveVersion = 1;
	classes = {
	};
	objectVersion = 50;
	objects = {

/* Begin PBXBuildFile section */
		290CC4A82208370A00C47C48 /* AppDelegate.swift in Sources */ = {isa = PBXBuildFile; fileRef = 290CC4A72208370A00C47C48 /* AppDelegate.swift */; };
		290CC4AF2208370C00C47C48 /* Assets.xcassets in Resources */ = {isa = PBXBuildFile; fileRef = 290CC4AE2208370C00C47C48 /* Assets.xcassets */; };
		290CC4B22208370C00C47C48 /* LaunchScreen.storyboard in Resources */ = {isa = PBXBuildFile; fileRef = 290CC4B02208370C00C47C48 /* LaunchScreen.storyboard */; };
		290CC4BD2208370C00C47C48 /* CloneAppstoreTests.swift in Sources */ = {isa = PBXBuildFile; fileRef = 290CC4BC2208370C00C47C48 /* CloneAppstoreTests.swift */; };
		294F2C912208797200B037F2 /* CategoryCellModel.swift in Sources */ = {isa = PBXBuildFile; fileRef = 294F2C902208797200B037F2 /* CategoryCellModel.swift */; };
		294F2C9422087E6400B037F2 /* FeaturedListCollectionView.swift in Sources */ = {isa = PBXBuildFile; fileRef = 294F2C9322087E6400B037F2 /* FeaturedListCollectionView.swift */; };
		294F2C9622087E9F00B037F2 /* BaseCollectionView.swift in Sources */ = {isa = PBXBuildFile; fileRef = 294F2C9522087E9F00B037F2 /* BaseCollectionView.swift */; };
		294F2C99220880ED00B037F2 /* CategoryCell.swift in Sources */ = {isa = PBXBuildFile; fileRef = 294F2C98220880ED00B037F2 /* CategoryCell.swift */; };
		294F2C9B220880FB00B037F2 /* BaseCell.swift in Sources */ = {isa = PBXBuildFile; fileRef = 294F2C9A220880FB00B037F2 /* BaseCell.swift */; };
		294F2C9E2208860000B037F2 /* Observable+Ext.swift in Sources */ = {isa = PBXBuildFile; fileRef = 294F2C9D2208860000B037F2 /* Observable+Ext.swift */; };
		294F2CA222089CEE00B037F2 /* UIViewController+Ext.swift in Sources */ = {isa = PBXBuildFile; fileRef = 294F2CA122089CEE00B037F2 /* UIViewController+Ext.swift */; };
		294F2CA42208A9AD00B037F2 /* AppListCollectionView.swift in Sources */ = {isa = PBXBuildFile; fileRef = 294F2CA32208A9AD00B037F2 /* AppListCollectionView.swift */; };
		294F2CA62208AA0600B037F2 /* AppCell.swift in Sources */ = {isa = PBXBuildFile; fileRef = 294F2CA52208AA0600B037F2 /* AppCell.swift */; };
		294F2CA82208AA8600B037F2 /* AppCellModel.swift in Sources */ = {isa = PBXBuildFile; fileRef = 294F2CA72208AA8600B037F2 /* AppCellModel.swift */; };
		294F2CAA2208B2B000B037F2 /* CategoryBannerCell.swift in Sources */ = {isa = PBXBuildFile; fileRef = 294F2CA92208B2B000B037F2 /* CategoryBannerCell.swift */; };
		294F8B65220837FC00647810 /* FeaturedListViewController.swift in Sources */ = {isa = PBXBuildFile; fileRef = 294F8B64220837FC00647810 /* FeaturedListViewController.swift */; };
		294F8B672208384E00647810 /* BaseViewController.swift in Sources */ = {isa = PBXBuildFile; fileRef = 294F8B662208384E00647810 /* BaseViewController.swift */; };
		294F8B6E22083CD500647810 /* NetworkContainer.swift in Sources */ = {isa = PBXBuildFile; fileRef = 294F8B6D22083CD500647810 /* NetworkContainer.swift */; };
		294F8B7022083D2100647810 /* BaseContainer.swift in Sources */ = {isa = PBXBuildFile; fileRef = 294F8B6F22083D2100647810 /* BaseContainer.swift */; };
		294F8B7222083EA800647810 /* Featured.swift in Sources */ = {isa = PBXBuildFile; fileRef = 294F8B7122083EA800647810 /* Featured.swift */; };
		294F8B7522083EEB00647810 /* Category.swift in Sources */ = {isa = PBXBuildFile; fileRef = 294F8B7422083EEB00647810 /* Category.swift */; };
		294F8B7722083EF400647810 /* App.swift in Sources */ = {isa = PBXBuildFile; fileRef = 294F8B7622083EF400647810 /* App.swift */; };
		295CF8522209D7F800AF5B1A /* LargeBannerCellModel.swift in Sources */ = {isa = PBXBuildFile; fileRef = 295CF8512209D7F800AF5B1A /* LargeBannerCellModel.swift */; };
		295CF8542209F51E00AF5B1A /* BannerCell.swift in Sources */ = {isa = PBXBuildFile; fileRef = 295CF8532209F51E00AF5B1A /* BannerCell.swift */; };
		295CF8582209F85E00AF5B1A /* BannerListCollectionView.swift in Sources */ = {isa = PBXBuildFile; fileRef = 295CF8572209F85E00AF5B1A /* BannerListCollectionView.swift */; };
		295CF85A2209FC7100AF5B1A /* LargeBannerCell.swift in Sources */ = {isa = PBXBuildFile; fileRef = 295CF8592209FC7100AF5B1A /* LargeBannerCell.swift */; };
		29B691E22208604300305311 /* ApiService.swift in Sources */ = {isa = PBXBuildFile; fileRef = 29B691E12208604300305311 /* ApiService.swift */; };
		29B691E52208617100305311 /* Network.swift in Sources */ = {isa = PBXBuildFile; fileRef = 29B691E42208617100305311 /* Network.swift */; };
		29B691E72208617900305311 /* NetworkError.swift in Sources */ = {isa = PBXBuildFile; fileRef = 29B691E62208617900305311 /* NetworkError.swift */; };
		29B691E9220864D500305311 /* NetworkMethod.swift in Sources */ = {isa = PBXBuildFile; fileRef = 29B691E8220864D500305311 /* NetworkMethod.swift */; };
		29B691EB2208650E00305311 /* BaseNetwork.swift in Sources */ = {isa = PBXBuildFile; fileRef = 29B691EA2208650E00305311 /* BaseNetwork.swift */; };
		29B691ED2208682900305311 /* ApiLIst.swift in Sources */ = {isa = PBXBuildFile; fileRef = 29B691EC2208682900305311 /* ApiLIst.swift */; };
		29B691EF2208684600305311 /* BaseApiService.swift in Sources */ = {isa = PBXBuildFile; fileRef = 29B691EE2208684600305311 /* BaseApiService.swift */; };
		29B691F1220869C100305311 /* FeaturedListContainer.swift in Sources */ = {isa = PBXBuildFile; fileRef = 29B691F0220869C100305311 /* FeaturedListContainer.swift */; };
		29B691F322086A9100305311 /* FeaturedListViewModel.swift in Sources */ = {isa = PBXBuildFile; fileRef = 29B691F222086A9100305311 /* FeaturedListViewModel.swift */; };
		2F2500DF4C6BE129F3F1DC80 /* Pods_CloneAppstore.framework in Frameworks */ = {isa = PBXBuildFile; fileRef = 641343721E87AD64B4EE272B /* Pods_CloneAppstore.framework */; };
		7EE41EDF3BB45AFE53FC5691 /* Pods_CloneAppstoreTests.framework in Frameworks */ = {isa = PBXBuildFile; fileRef = 8C8884212CF27879CB284D14 /* Pods_CloneAppstoreTests.framework */; };
/* End PBXBuildFile section */

/* Begin PBXContainerItemProxy section */
		290CC4B92208370C00C47C48 /* PBXContainerItemProxy */ = {
			isa = PBXContainerItemProxy;
			containerPortal = 290CC49C2208370A00C47C48 /* Project object */;
			proxyType = 1;
			remoteGlobalIDString = 290CC4A32208370A00C47C48;
			remoteInfo = CloneAppstore;
		};
/* End PBXContainerItemProxy section */

/* Begin PBXFileReference section */
		1062679CD59263D0856E63A4 /* Pods-CloneAppstoreTests.release.xcconfig */ = {isa = PBXFileReference; includeInIndex = 1; lastKnownFileType = text.xcconfig; name = "Pods-CloneAppstoreTests.release.xcconfig"; path = "Target Support Files/Pods-CloneAppstoreTests/Pods-CloneAppstoreTests.release.xcconfig"; sourceTree = "<group>"; };
		290CC4A42208370A00C47C48 /* CloneAppstore.app */ = {isa = PBXFileReference; explicitFileType = wrapper.application; includeInIndex = 0; path = CloneAppstore.app; sourceTree = BUILT_PRODUCTS_DIR; };
		290CC4A72208370A00C47C48 /* AppDelegate.swift */ = {isa = PBXFileReference; lastKnownFileType = sourcecode.swift; path = AppDelegate.swift; sourceTree = "<group>"; };
		290CC4AE2208370C00C47C48 /* Assets.xcassets */ = {isa = PBXFileReference; lastKnownFileType = folder.assetcatalog; path = Assets.xcassets; sourceTree = "<group>"; };
		290CC4B12208370C00C47C48 /* Base */ = {isa = PBXFileReference; lastKnownFileType = file.storyboard; name = Base; path = Base.lproj/LaunchScreen.storyboard; sourceTree = "<group>"; };
		290CC4B32208370C00C47C48 /* Info.plist */ = {isa = PBXFileReference; lastKnownFileType = text.plist.xml; path = Info.plist; sourceTree = "<group>"; };
		290CC4B82208370C00C47C48 /* CloneAppstoreTests.xctest */ = {isa = PBXFileReference; explicitFileType = wrapper.cfbundle; includeInIndex = 0; path = CloneAppstoreTests.xctest; sourceTree = BUILT_PRODUCTS_DIR; };
		290CC4BC2208370C00C47C48 /* CloneAppstoreTests.swift */ = {isa = PBXFileReference; lastKnownFileType = sourcecode.swift; path = CloneAppstoreTests.swift; sourceTree = "<group>"; };
		290CC4BE2208370C00C47C48 /* Info.plist */ = {isa = PBXFileReference; lastKnownFileType = text.plist.xml; path = Info.plist; sourceTree = "<group>"; };
		294F2C902208797200B037F2 /* CategoryCellModel.swift */ = {isa = PBXFileReference; lastKnownFileType = sourcecode.swift; path = CategoryCellModel.swift; sourceTree = "<group>"; };
		294F2C9322087E6400B037F2 /* FeaturedListCollectionView.swift */ = {isa = PBXFileReference; lastKnownFileType = sourcecode.swift; path = FeaturedListCollectionView.swift; sourceTree = "<group>"; };
		294F2C9522087E9F00B037F2 /* BaseCollectionView.swift */ = {isa = PBXFileReference; lastKnownFileType = sourcecode.swift; path = BaseCollectionView.swift; sourceTree = "<group>"; };
		294F2C98220880ED00B037F2 /* CategoryCell.swift */ = {isa = PBXFileReference; lastKnownFileType = sourcecode.swift; path = CategoryCell.swift; sourceTree = "<group>"; };
		294F2C9A220880FB00B037F2 /* BaseCell.swift */ = {isa = PBXFileReference; lastKnownFileType = sourcecode.swift; path = BaseCell.swift; sourceTree = "<group>"; };
		294F2C9D2208860000B037F2 /* Observable+Ext.swift */ = {isa = PBXFileReference; lastKnownFileType = sourcecode.swift; path = "Observable+Ext.swift"; sourceTree = "<group>"; };
		294F2CA122089CEE00B037F2 /* UIViewController+Ext.swift */ = {isa = PBXFileReference; lastKnownFileType = sourcecode.swift; path = "UIViewController+Ext.swift"; sourceTree = "<group>"; };
		294F2CA32208A9AD00B037F2 /* AppListCollectionView.swift */ = {isa = PBXFileReference; lastKnownFileType = sourcecode.swift; path = AppListCollectionView.swift; sourceTree = "<group>"; };
		294F2CA52208AA0600B037F2 /* AppCell.swift */ = {isa = PBXFileReference; lastKnownFileType = sourcecode.swift; path = AppCell.swift; sourceTree = "<group>"; };
		294F2CA72208AA8600B037F2 /* AppCellModel.swift */ = {isa = PBXFileReference; lastKnownFileType = sourcecode.swift; path = AppCellModel.swift; sourceTree = "<group>"; };
		294F2CA92208B2B000B037F2 /* CategoryBannerCell.swift */ = {isa = PBXFileReference; lastKnownFileType = sourcecode.swift; path = CategoryBannerCell.swift; sourceTree = "<group>"; };
		294F8B64220837FC00647810 /* FeaturedListViewController.swift */ = {isa = PBXFileReference; lastKnownFileType = sourcecode.swift; path = FeaturedListViewController.swift; sourceTree = "<group>"; };
		294F8B662208384E00647810 /* BaseViewController.swift */ = {isa = PBXFileReference; lastKnownFileType = sourcecode.swift; path = BaseViewController.swift; sourceTree = "<group>"; };
		294F8B6D22083CD500647810 /* NetworkContainer.swift */ = {isa = PBXFileReference; lastKnownFileType = sourcecode.swift; path = NetworkContainer.swift; sourceTree = "<group>"; };
		294F8B6F22083D2100647810 /* BaseContainer.swift */ = {isa = PBXFileReference; lastKnownFileType = sourcecode.swift; path = BaseContainer.swift; sourceTree = "<group>"; };
		294F8B7122083EA800647810 /* Featured.swift */ = {isa = PBXFileReference; lastKnownFileType = sourcecode.swift; path = Featured.swift; sourceTree = "<group>"; };
		294F8B7422083EEB00647810 /* Category.swift */ = {isa = PBXFileReference; lastKnownFileType = sourcecode.swift; path = Category.swift; sourceTree = "<group>"; };
		294F8B7622083EF400647810 /* App.swift */ = {isa = PBXFileReference; lastKnownFileType = sourcecode.swift; path = App.swift; sourceTree = "<group>"; };
		295CF8512209D7F800AF5B1A /* LargeBannerCellModel.swift */ = {isa = PBXFileReference; lastKnownFileType = sourcecode.swift; path = LargeBannerCellModel.swift; sourceTree = "<group>"; };
		295CF8532209F51E00AF5B1A /* BannerCell.swift */ = {isa = PBXFileReference; lastKnownFileType = sourcecode.swift; path = BannerCell.swift; sourceTree = "<group>"; };
		295CF8572209F85E00AF5B1A /* BannerListCollectionView.swift */ = {isa = PBXFileReference; lastKnownFileType = sourcecode.swift; path = BannerListCollectionView.swift; sourceTree = "<group>"; };
		295CF8592209FC7100AF5B1A /* LargeBannerCell.swift */ = {isa = PBXFileReference; lastKnownFileType = sourcecode.swift; path = LargeBannerCell.swift; sourceTree = "<group>"; };
		29B691E12208604300305311 /* ApiService.swift */ = {isa = PBXFileReference; lastKnownFileType = sourcecode.swift; path = ApiService.swift; sourceTree = "<group>"; };
		29B691E42208617100305311 /* Network.swift */ = {isa = PBXFileReference; lastKnownFileType = sourcecode.swift; path = Network.swift; sourceTree = "<group>"; };
		29B691E62208617900305311 /* NetworkError.swift */ = {isa = PBXFileReference; lastKnownFileType = sourcecode.swift; path = NetworkError.swift; sourceTree = "<group>"; };
		29B691E8220864D500305311 /* NetworkMethod.swift */ = {isa = PBXFileReference; lastKnownFileType = sourcecode.swift; path = NetworkMethod.swift; sourceTree = "<group>"; };
		29B691EA2208650E00305311 /* BaseNetwork.swift */ = {isa = PBXFileReference; lastKnownFileType = sourcecode.swift; path = BaseNetwork.swift; sourceTree = "<group>"; };
		29B691EC2208682900305311 /* ApiLIst.swift */ = {isa = PBXFileReference; lastKnownFileType = sourcecode.swift; path = ApiLIst.swift; sourceTree = "<group>"; };
		29B691EE2208684600305311 /* BaseApiService.swift */ = {isa = PBXFileReference; lastKnownFileType = sourcecode.swift; path = BaseApiService.swift; sourceTree = "<group>"; };
		29B691F0220869C100305311 /* FeaturedListContainer.swift */ = {isa = PBXFileReference; lastKnownFileType = sourcecode.swift; path = FeaturedListContainer.swift; sourceTree = "<group>"; };
		29B691F222086A9100305311 /* FeaturedListViewModel.swift */ = {isa = PBXFileReference; lastKnownFileType = sourcecode.swift; path = FeaturedListViewModel.swift; sourceTree = "<group>"; };
		356DA156D95BAE20DF79425B /* Pods-CloneAppstore.debug.xcconfig */ = {isa = PBXFileReference; includeInIndex = 1; lastKnownFileType = text.xcconfig; name = "Pods-CloneAppstore.debug.xcconfig"; path = "Target Support Files/Pods-CloneAppstore/Pods-CloneAppstore.debug.xcconfig"; sourceTree = "<group>"; };
		641343721E87AD64B4EE272B /* Pods_CloneAppstore.framework */ = {isa = PBXFileReference; explicitFileType = wrapper.framework; includeInIndex = 0; path = Pods_CloneAppstore.framework; sourceTree = BUILT_PRODUCTS_DIR; };
		8C8884212CF27879CB284D14 /* Pods_CloneAppstoreTests.framework */ = {isa = PBXFileReference; explicitFileType = wrapper.framework; includeInIndex = 0; path = Pods_CloneAppstoreTests.framework; sourceTree = BUILT_PRODUCTS_DIR; };
		ACC11BCEBBBA8D1EDBA94F62 /* Pods-CloneAppstoreTests.debug.xcconfig */ = {isa = PBXFileReference; includeInIndex = 1; lastKnownFileType = text.xcconfig; name = "Pods-CloneAppstoreTests.debug.xcconfig"; path = "Target Support Files/Pods-CloneAppstoreTests/Pods-CloneAppstoreTests.debug.xcconfig"; sourceTree = "<group>"; };
		C09E750F5A7FD0B0EBD9674B /* Pods-CloneAppstore.release.xcconfig */ = {isa = PBXFileReference; includeInIndex = 1; lastKnownFileType = text.xcconfig; name = "Pods-CloneAppstore.release.xcconfig"; path = "Target Support Files/Pods-CloneAppstore/Pods-CloneAppstore.release.xcconfig"; sourceTree = "<group>"; };
/* End PBXFileReference section */

/* Begin PBXFrameworksBuildPhase section */
		290CC4A12208370A00C47C48 /* Frameworks */ = {
			isa = PBXFrameworksBuildPhase;
			buildActionMask = 2147483647;
			files = (
				2F2500DF4C6BE129F3F1DC80 /* Pods_CloneAppstore.framework in Frameworks */,
			);
			runOnlyForDeploymentPostprocessing = 0;
		};
		290CC4B52208370C00C47C48 /* Frameworks */ = {
			isa = PBXFrameworksBuildPhase;
			buildActionMask = 2147483647;
			files = (
				7EE41EDF3BB45AFE53FC5691 /* Pods_CloneAppstoreTests.framework in Frameworks */,
			);
			runOnlyForDeploymentPostprocessing = 0;
		};
/* End PBXFrameworksBuildPhase section */

/* Begin PBXGroup section */
		290CC49B2208370A00C47C48 = {
			isa = PBXGroup;
			children = (
				290CC4A62208370A00C47C48 /* CloneAppstore */,
				290CC4BB2208370C00C47C48 /* CloneAppstoreTests */,
				290CC4A52208370A00C47C48 /* Products */,
				CB097A5A578A653119D80791 /* Pods */,
				E83E8F6556F5F26753BA63A1 /* Frameworks */,
			);
			sourceTree = "<group>";
		};
		290CC4A52208370A00C47C48 /* Products */ = {
			isa = PBXGroup;
			children = (
				290CC4A42208370A00C47C48 /* CloneAppstore.app */,
				290CC4B82208370C00C47C48 /* CloneAppstoreTests.xctest */,
			);
			name = Products;
			sourceTree = "<group>";
		};
		290CC4A62208370A00C47C48 /* CloneAppstore */ = {
			isa = PBXGroup;
			children = (
				294F2C9C220885E300B037F2 /* Utility */,
				290CC4A72208370A00C47C48 /* AppDelegate.swift */,
				294F8B632208379800647810 /* DIContainer */,
				294F8B612208376800647810 /* ViewModel */,
				294F8B602208376400647810 /* View */,
				294F8B5F2208375E00647810 /* Model */,
				290CC4C72208371900C47C48 /* Resources */,
			);
			path = CloneAppstore;
			sourceTree = "<group>";
		};
		290CC4BB2208370C00C47C48 /* CloneAppstoreTests */ = {
			isa = PBXGroup;
			children = (
				290CC4BC2208370C00C47C48 /* CloneAppstoreTests.swift */,
				290CC4BE2208370C00C47C48 /* Info.plist */,
			);
			path = CloneAppstoreTests;
			sourceTree = "<group>";
		};
		290CC4C72208371900C47C48 /* Resources */ = {
			isa = PBXGroup;
			children = (
				290CC4AE2208370C00C47C48 /* Assets.xcassets */,
				290CC4B02208370C00C47C48 /* LaunchScreen.storyboard */,
				290CC4B32208370C00C47C48 /* Info.plist */,
			);
			path = Resources;
			sourceTree = "<group>";
		};
		294F2C9222087E4D00B037F2 /* CollectionView */ = {
			isa = PBXGroup;
			children = (
				294F2C9522087E9F00B037F2 /* BaseCollectionView.swift */,
				295CF8572209F85E00AF5B1A /* BannerListCollectionView.swift */,
				294F2C9322087E6400B037F2 /* FeaturedListCollectionView.swift */,
				294F2CA32208A9AD00B037F2 /* AppListCollectionView.swift */,
			);
			path = CollectionView;
			sourceTree = "<group>";
		};
		294F2C97220880E000B037F2 /* Cells */ = {
			isa = PBXGroup;
			children = (
				294F2C9A220880FB00B037F2 /* BaseCell.swift */,
				294F2CA92208B2B000B037F2 /* CategoryBannerCell.swift */,
				294F2C98220880ED00B037F2 /* CategoryCell.swift */,
				294F2CA52208AA0600B037F2 /* AppCell.swift */,
				295CF8532209F51E00AF5B1A /* BannerCell.swift */,
				295CF8592209FC7100AF5B1A /* LargeBannerCell.swift */,
			);
			path = Cells;
			sourceTree = "<group>";
		};
		294F2C9C220885E300B037F2 /* Utility */ = {
			isa = PBXGroup;
			children = (
				294F2C9D2208860000B037F2 /* Observable+Ext.swift */,
				294F2CA122089CEE00B037F2 /* UIViewController+Ext.swift */,
			);
			path = Utility;
			sourceTree = "<group>";
		};
		294F8B5F2208375E00647810 /* Model */ = {
			isa = PBXGroup;
			children = (
				29B691E32208616800305311 /* Network */,
				29B691E02208601400305311 /* Service */,
				294F8B7322083EAD00647810 /* Entities */,
			);
			path = Model;
			sourceTree = "<group>";
		};
		294F8B602208376400647810 /* View */ = {
			isa = PBXGroup;
			children = (
				294F2C97220880E000B037F2 /* Cells */,
				294F2C9222087E4D00B037F2 /* CollectionView */,
				294F8B622208378600647810 /* ViewController */,
			);
			path = View;
			sourceTree = "<group>";
		};
		294F8B612208376800647810 /* ViewModel */ = {
			isa = PBXGroup;
			children = (
				29B691F222086A9100305311 /* FeaturedListViewModel.swift */,
				295CF8512209D7F800AF5B1A /* LargeBannerCellModel.swift */,
				294F2CA72208AA8600B037F2 /* AppCellModel.swift */,
				294F2C902208797200B037F2 /* CategoryCellModel.swift */,
			);
			path = ViewModel;
			sourceTree = "<group>";
		};
		294F8B622208378600647810 /* ViewController */ = {
			isa = PBXGroup;
			children = (
				294F8B64220837FC00647810 /* FeaturedListViewController.swift */,
				294F8B662208384E00647810 /* BaseViewController.swift */,
			);
			path = ViewController;
			sourceTree = "<group>";
		};
		294F8B632208379800647810 /* DIContainer */ = {
			isa = PBXGroup;
			children = (
				294F8B6F22083D2100647810 /* BaseContainer.swift */,
				294F8B6D22083CD500647810 /* NetworkContainer.swift */,
				29B691F0220869C100305311 /* FeaturedListContainer.swift */,
			);
			path = DIContainer;
			sourceTree = "<group>";
		};
		294F8B7322083EAD00647810 /* Entities */ = {
			isa = PBXGroup;
			children = (
				294F8B7122083EA800647810 /* Featured.swift */,
				294F8B7422083EEB00647810 /* Category.swift */,
				294F8B7622083EF400647810 /* App.swift */,
			);
			path = Entities;
			sourceTree = "<group>";
		};
		29B691E02208601400305311 /* Service */ = {
			isa = PBXGroup;
			children = (
				29B691E12208604300305311 /* ApiService.swift */,
				29B691EC2208682900305311 /* ApiLIst.swift */,
				29B691EE2208684600305311 /* BaseApiService.swift */,
			);
			path = Service;
			sourceTree = "<group>";
		};
		29B691E32208616800305311 /* Network */ = {
			isa = PBXGroup;
			children = (
				29B691EA2208650E00305311 /* BaseNetwork.swift */,
				29B691E42208617100305311 /* Network.swift */,
				29B691E62208617900305311 /* NetworkError.swift */,
				29B691E8220864D500305311 /* NetworkMethod.swift */,
			);
			path = Network;
			sourceTree = "<group>";
		};
		CB097A5A578A653119D80791 /* Pods */ = {
			isa = PBXGroup;
			children = (
				356DA156D95BAE20DF79425B /* Pods-CloneAppstore.debug.xcconfig */,
				C09E750F5A7FD0B0EBD9674B /* Pods-CloneAppstore.release.xcconfig */,
				ACC11BCEBBBA8D1EDBA94F62 /* Pods-CloneAppstoreTests.debug.xcconfig */,
				1062679CD59263D0856E63A4 /* Pods-CloneAppstoreTests.release.xcconfig */,
			);
			path = Pods;
			sourceTree = "<group>";
		};
		E83E8F6556F5F26753BA63A1 /* Frameworks */ = {
			isa = PBXGroup;
			children = (
				641343721E87AD64B4EE272B /* Pods_CloneAppstore.framework */,
				8C8884212CF27879CB284D14 /* Pods_CloneAppstoreTests.framework */,
			);
			name = Frameworks;
			sourceTree = "<group>";
		};
/* End PBXGroup section */

/* Begin PBXNativeTarget section */
		290CC4A32208370A00C47C48 /* CloneAppstore */ = {
			isa = PBXNativeTarget;
			buildConfigurationList = 290CC4C12208370C00C47C48 /* Build configuration list for PBXNativeTarget "CloneAppstore" */;
			buildPhases = (
				FEDA15DC9F9CC44AA39F5FC2 /* [CP] Check Pods Manifest.lock */,
				294F8B782208407C00647810 /* Swift Lint */,
				290CC4A02208370A00C47C48 /* Sources */,
				290CC4A12208370A00C47C48 /* Frameworks */,
				290CC4A22208370A00C47C48 /* Resources */,
				174BF48125D3E30ADA872A73 /* [CP] Embed Pods Frameworks */,
			);
			buildRules = (
			);
			dependencies = (
			);
			name = CloneAppstore;
			productName = CloneAppstore;
			productReference = 290CC4A42208370A00C47C48 /* CloneAppstore.app */;
			productType = "com.apple.product-type.application";
		};
		290CC4B72208370C00C47C48 /* CloneAppstoreTests */ = {
			isa = PBXNativeTarget;
			buildConfigurationList = 290CC4C42208370C00C47C48 /* Build configuration list for PBXNativeTarget "CloneAppstoreTests" */;
			buildPhases = (
				8D04AD3F68937ADA7D88F367 /* [CP] Check Pods Manifest.lock */,
				294F8B6C22083BFF00647810 /* Swift lint */,
				290CC4B42208370C00C47C48 /* Sources */,
				290CC4B52208370C00C47C48 /* Frameworks */,
				290CC4B62208370C00C47C48 /* Resources */,
				2B27F5F2D463E4E99C68AF4A /* [CP] Embed Pods Frameworks */,
			);
			buildRules = (
			);
			dependencies = (
				290CC4BA2208370C00C47C48 /* PBXTargetDependency */,
			);
			name = CloneAppstoreTests;
			productName = CloneAppstoreTests;
			productReference = 290CC4B82208370C00C47C48 /* CloneAppstoreTests.xctest */;
			productType = "com.apple.product-type.bundle.unit-test";
		};
/* End PBXNativeTarget section */

/* Begin PBXProject section */
		290CC49C2208370A00C47C48 /* Project object */ = {
			isa = PBXProject;
			attributes = {
				LastSwiftUpdateCheck = 1010;
				LastUpgradeCheck = 1010;
				ORGANIZATIONNAME = "Scott Moon";
				TargetAttributes = {
					290CC4A32208370A00C47C48 = {
						CreatedOnToolsVersion = 10.1;
					};
					290CC4B72208370C00C47C48 = {
						CreatedOnToolsVersion = 10.1;
						TestTargetID = 290CC4A32208370A00C47C48;
					};
				};
			};
			buildConfigurationList = 290CC49F2208370A00C47C48 /* Build configuration list for PBXProject "CloneAppstore" */;
			compatibilityVersion = "Xcode 9.3";
			developmentRegion = en;
			hasScannedForEncodings = 0;
			knownRegions = (
				en,
				Base,
			);
			mainGroup = 290CC49B2208370A00C47C48;
			productRefGroup = 290CC4A52208370A00C47C48 /* Products */;
			projectDirPath = "";
			projectRoot = "";
			targets = (
				290CC4A32208370A00C47C48 /* CloneAppstore */,
				290CC4B72208370C00C47C48 /* CloneAppstoreTests */,
			);
		};
/* End PBXProject section */

/* Begin PBXResourcesBuildPhase section */
		290CC4A22208370A00C47C48 /* Resources */ = {
			isa = PBXResourcesBuildPhase;
			buildActionMask = 2147483647;
			files = (
				290CC4B22208370C00C47C48 /* LaunchScreen.storyboard in Resources */,
				290CC4AF2208370C00C47C48 /* Assets.xcassets in Resources */,
			);
			runOnlyForDeploymentPostprocessing = 0;
		};
		290CC4B62208370C00C47C48 /* Resources */ = {
			isa = PBXResourcesBuildPhase;
			buildActionMask = 2147483647;
			files = (
			);
			runOnlyForDeploymentPostprocessing = 0;
		};
/* End PBXResourcesBuildPhase section */

/* Begin PBXShellScriptBuildPhase section */
		174BF48125D3E30ADA872A73 /* [CP] Embed Pods Frameworks */ = {
			isa = PBXShellScriptBuildPhase;
			buildActionMask = 2147483647;
			files = (
			);
			inputFileListPaths = (
			);
			inputPaths = (
				"${PODS_ROOT}/Target Support Files/Pods-CloneAppstore/Pods-CloneAppstore-frameworks.sh",
				"${BUILT_PRODUCTS_DIR}/Alamofire/Alamofire.framework",
				"${BUILT_PRODUCTS_DIR}/Differentiator/Differentiator.framework",
				"${BUILT_PRODUCTS_DIR}/Himotoki/Himotoki.framework",
				"${PODS_ROOT}/Reveal-SDK/RevealServer-20/iOS/RevealServer.framework",
				"${BUILT_PRODUCTS_DIR}/RxAtomic/RxAtomic.framework",
				"${BUILT_PRODUCTS_DIR}/RxCocoa/RxCocoa.framework",
				"${BUILT_PRODUCTS_DIR}/RxDataSources/RxDataSources.framework",
				"${BUILT_PRODUCTS_DIR}/RxOptional/RxOptional.framework",
				"${BUILT_PRODUCTS_DIR}/RxSwift/RxSwift.framework",
				"${BUILT_PRODUCTS_DIR}/SnapKit/SnapKit.framework",
				"${BUILT_PRODUCTS_DIR}/Swinject/Swinject.framework",
			);
			name = "[CP] Embed Pods Frameworks";
			outputFileListPaths = (
			);
			outputPaths = (
				"${TARGET_BUILD_DIR}/${FRAMEWORKS_FOLDER_PATH}/Alamofire.framework",
				"${TARGET_BUILD_DIR}/${FRAMEWORKS_FOLDER_PATH}/Differentiator.framework",
				"${TARGET_BUILD_DIR}/${FRAMEWORKS_FOLDER_PATH}/Himotoki.framework",
				"${TARGET_BUILD_DIR}/${FRAMEWORKS_FOLDER_PATH}/RevealServer.framework",
				"${TARGET_BUILD_DIR}/${FRAMEWORKS_FOLDER_PATH}/RxAtomic.framework",
				"${TARGET_BUILD_DIR}/${FRAMEWORKS_FOLDER_PATH}/RxCocoa.framework",
				"${TARGET_BUILD_DIR}/${FRAMEWORKS_FOLDER_PATH}/RxDataSources.framework",
				"${TARGET_BUILD_DIR}/${FRAMEWORKS_FOLDER_PATH}/RxOptional.framework",
				"${TARGET_BUILD_DIR}/${FRAMEWORKS_FOLDER_PATH}/RxSwift.framework",
				"${TARGET_BUILD_DIR}/${FRAMEWORKS_FOLDER_PATH}/SnapKit.framework",
				"${TARGET_BUILD_DIR}/${FRAMEWORKS_FOLDER_PATH}/Swinject.framework",
			);
			runOnlyForDeploymentPostprocessing = 0;
			shellPath = /bin/sh;
			shellScript = "\"${PODS_ROOT}/Target Support Files/Pods-CloneAppstore/Pods-CloneAppstore-frameworks.sh\"\n";
			showEnvVarsInLog = 0;
		};
		294F8B6C22083BFF00647810 /* Swift lint */ = {
			isa = PBXShellScriptBuildPhase;
			buildActionMask = 2147483647;
			files = (
			);
			inputFileListPaths = (
			);
			inputPaths = (
			);
			name = "Swift lint";
			outputFileListPaths = (
			);
			outputPaths = (
			);
			runOnlyForDeploymentPostprocessing = 0;
			shellPath = /bin/sh;
			shellScript = "if which swiftlint >/dev/null; then\nswiftlint\nelse\necho \"warning: SwiftLint not installed, download from https://github.com/realm/SwiftLint\"\nfi\n";
		};
		294F8B782208407C00647810 /* Swift Lint */ = {
			isa = PBXShellScriptBuildPhase;
			buildActionMask = 2147483647;
			files = (
			);
			inputFileListPaths = (
			);
			inputPaths = (
			);
			name = "Swift Lint";
			outputFileListPaths = (
			);
			outputPaths = (
			);
			runOnlyForDeploymentPostprocessing = 0;
			shellPath = /bin/sh;
			shellScript = "${PODS_ROOT}/SwiftLint/swiftlint\n";
		};
		2B27F5F2D463E4E99C68AF4A /* [CP] Embed Pods Frameworks */ = {
			isa = PBXShellScriptBuildPhase;
			buildActionMask = 2147483647;
			files = (
			);
			inputFileListPaths = (
			);
			inputPaths = (
				"${PODS_ROOT}/Target Support Files/Pods-CloneAppstoreTests/Pods-CloneAppstoreTests-frameworks.sh",
				"${BUILT_PRODUCTS_DIR}/Nimble/Nimble.framework",
				"${BUILT_PRODUCTS_DIR}/Quick/Quick.framework",
			);
			name = "[CP] Embed Pods Frameworks";
			outputFileListPaths = (
			);
			outputPaths = (
				"${TARGET_BUILD_DIR}/${FRAMEWORKS_FOLDER_PATH}/Nimble.framework",
				"${TARGET_BUILD_DIR}/${FRAMEWORKS_FOLDER_PATH}/Quick.framework",
			);
			runOnlyForDeploymentPostprocessing = 0;
			shellPath = /bin/sh;
			shellScript = "\"${PODS_ROOT}/Target Support Files/Pods-CloneAppstoreTests/Pods-CloneAppstoreTests-frameworks.sh\"\n";
			showEnvVarsInLog = 0;
		};
		8D04AD3F68937ADA7D88F367 /* [CP] Check Pods Manifest.lock */ = {
			isa = PBXShellScriptBuildPhase;
			buildActionMask = 2147483647;
			files = (
			);
			inputFileListPaths = (
			);
			inputPaths = (
				"${PODS_PODFILE_DIR_PATH}/Podfile.lock",
				"${PODS_ROOT}/Manifest.lock",
			);
			name = "[CP] Check Pods Manifest.lock";
			outputFileListPaths = (
			);
			outputPaths = (
				"$(DERIVED_FILE_DIR)/Pods-CloneAppstoreTests-checkManifestLockResult.txt",
			);
			runOnlyForDeploymentPostprocessing = 0;
			shellPath = /bin/sh;
			shellScript = "diff \"${PODS_PODFILE_DIR_PATH}/Podfile.lock\" \"${PODS_ROOT}/Manifest.lock\" > /dev/null\nif [ $? != 0 ] ; then\n    # print error to STDERR\n    echo \"error: The sandbox is not in sync with the Podfile.lock. Run 'pod install' or update your CocoaPods installation.\" >&2\n    exit 1\nfi\n# This output is used by Xcode 'outputs' to avoid re-running this script phase.\necho \"SUCCESS\" > \"${SCRIPT_OUTPUT_FILE_0}\"\n";
			showEnvVarsInLog = 0;
		};
		FEDA15DC9F9CC44AA39F5FC2 /* [CP] Check Pods Manifest.lock */ = {
			isa = PBXShellScriptBuildPhase;
			buildActionMask = 2147483647;
			files = (
			);
			inputFileListPaths = (
			);
			inputPaths = (
				"${PODS_PODFILE_DIR_PATH}/Podfile.lock",
				"${PODS_ROOT}/Manifest.lock",
			);
			name = "[CP] Check Pods Manifest.lock";
			outputFileListPaths = (
			);
			outputPaths = (
				"$(DERIVED_FILE_DIR)/Pods-CloneAppstore-checkManifestLockResult.txt",
			);
			runOnlyForDeploymentPostprocessing = 0;
			shellPath = /bin/sh;
			shellScript = "diff \"${PODS_PODFILE_DIR_PATH}/Podfile.lock\" \"${PODS_ROOT}/Manifest.lock\" > /dev/null\nif [ $? != 0 ] ; then\n    # print error to STDERR\n    echo \"error: The sandbox is not in sync with the Podfile.lock. Run 'pod install' or update your CocoaPods installation.\" >&2\n    exit 1\nfi\n# This output is used by Xcode 'outputs' to avoid re-running this script phase.\necho \"SUCCESS\" > \"${SCRIPT_OUTPUT_FILE_0}\"\n";
			showEnvVarsInLog = 0;
		};
/* End PBXShellScriptBuildPhase section */

/* Begin PBXSourcesBuildPhase section */
		290CC4A02208370A00C47C48 /* Sources */ = {
			isa = PBXSourcesBuildPhase;
			buildActionMask = 2147483647;
			files = (
				29B691F322086A9100305311 /* FeaturedListViewModel.swift in Sources */,
				29B691EF2208684600305311 /* BaseApiService.swift in Sources */,
				294F2CA82208AA8600B037F2 /* AppCellModel.swift in Sources */,
				295CF8542209F51E00AF5B1A /* BannerCell.swift in Sources */,
				29B691E52208617100305311 /* Network.swift in Sources */,
				29B691E9220864D500305311 /* NetworkMethod.swift in Sources */,
				294F2CA42208A9AD00B037F2 /* AppListCollectionView.swift in Sources */,
				295CF8582209F85E00AF5B1A /* BannerListCollectionView.swift in Sources */,
				294F8B7222083EA800647810 /* Featured.swift in Sources */,
				294F2CA62208AA0600B037F2 /* AppCell.swift in Sources */,
				294F2C9422087E6400B037F2 /* FeaturedListCollectionView.swift in Sources */,
				294F8B6E22083CD500647810 /* NetworkContainer.swift in Sources */,
				29B691F1220869C100305311 /* FeaturedListContainer.swift in Sources */,
				29B691ED2208682900305311 /* ApiLIst.swift in Sources */,
				294F2C9E2208860000B037F2 /* Observable+Ext.swift in Sources */,
				294F2C9622087E9F00B037F2 /* BaseCollectionView.swift in Sources */,
				295CF8522209D7F800AF5B1A /* LargeBannerCellModel.swift in Sources */,
				295CF85A2209FC7100AF5B1A /* LargeBannerCell.swift in Sources */,
				290CC4A82208370A00C47C48 /* AppDelegate.swift in Sources */,
				294F2C912208797200B037F2 /* CategoryCellModel.swift in Sources */,
				294F8B7022083D2100647810 /* BaseContainer.swift in Sources */,
				294F8B65220837FC00647810 /* FeaturedListViewController.swift in Sources */,
				29B691EB2208650E00305311 /* BaseNetwork.swift in Sources */,
				294F2CAA2208B2B000B037F2 /* CategoryBannerCell.swift in Sources */,
				294F2C99220880ED00B037F2 /* CategoryCell.swift in Sources */,
				294F8B7722083EF400647810 /* App.swift in Sources */,
				294F8B672208384E00647810 /* BaseViewController.swift in Sources */,
				294F2C9B220880FB00B037F2 /* BaseCell.swift in Sources */,
				29B691E22208604300305311 /* ApiService.swift in Sources */,
				294F2CA222089CEE00B037F2 /* UIViewController+Ext.swift in Sources */,
				29B691E72208617900305311 /* NetworkError.swift in Sources */,
				294F8B7522083EEB00647810 /* Category.swift in Sources */,
			);
			runOnlyForDeploymentPostprocessing = 0;
		};
		290CC4B42208370C00C47C48 /* Sources */ = {
			isa = PBXSourcesBuildPhase;
			buildActionMask = 2147483647;
			files = (
				290CC4BD2208370C00C47C48 /* CloneAppstoreTests.swift in Sources */,
			);
			runOnlyForDeploymentPostprocessing = 0;
		};
/* End PBXSourcesBuildPhase section */

/* Begin PBXTargetDependency section */
		290CC4BA2208370C00C47C48 /* PBXTargetDependency */ = {
			isa = PBXTargetDependency;
			target = 290CC4A32208370A00C47C48 /* CloneAppstore */;
			targetProxy = 290CC4B92208370C00C47C48 /* PBXContainerItemProxy */;
		};
/* End PBXTargetDependency section */

/* Begin PBXVariantGroup section */
		290CC4B02208370C00C47C48 /* LaunchScreen.storyboard */ = {
			isa = PBXVariantGroup;
			children = (
				290CC4B12208370C00C47C48 /* Base */,
			);
			name = LaunchScreen.storyboard;
			sourceTree = "<group>";
		};
/* End PBXVariantGroup section */

/* Begin XCBuildConfiguration section */
		290CC4BF2208370C00C47C48 /* Debug */ = {
			isa = XCBuildConfiguration;
			buildSettings = {
				ALWAYS_SEARCH_USER_PATHS = NO;
				CLANG_ANALYZER_NONNULL = YES;
				CLANG_ANALYZER_NUMBER_OBJECT_CONVERSION = YES_AGGRESSIVE;
				CLANG_CXX_LANGUAGE_STANDARD = "gnu++14";
				CLANG_CXX_LIBRARY = "libc++";
				CLANG_ENABLE_MODULES = YES;
				CLANG_ENABLE_OBJC_ARC = YES;
				CLANG_ENABLE_OBJC_WEAK = YES;
				CLANG_WARN_BLOCK_CAPTURE_AUTORELEASING = YES;
				CLANG_WARN_BOOL_CONVERSION = YES;
				CLANG_WARN_COMMA = YES;
				CLANG_WARN_CONSTANT_CONVERSION = YES;
				CLANG_WARN_DEPRECATED_OBJC_IMPLEMENTATIONS = YES;
				CLANG_WARN_DIRECT_OBJC_ISA_USAGE = YES_ERROR;
				CLANG_WARN_DOCUMENTATION_COMMENTS = YES;
				CLANG_WARN_EMPTY_BODY = YES;
				CLANG_WARN_ENUM_CONVERSION = YES;
				CLANG_WARN_INFINITE_RECURSION = YES;
				CLANG_WARN_INT_CONVERSION = YES;
				CLANG_WARN_NON_LITERAL_NULL_CONVERSION = YES;
				CLANG_WARN_OBJC_IMPLICIT_RETAIN_SELF = YES;
				CLANG_WARN_OBJC_LITERAL_CONVERSION = YES;
				CLANG_WARN_OBJC_ROOT_CLASS = YES_ERROR;
				CLANG_WARN_RANGE_LOOP_ANALYSIS = YES;
				CLANG_WARN_STRICT_PROTOTYPES = YES;
				CLANG_WARN_SUSPICIOUS_MOVE = YES;
				CLANG_WARN_UNGUARDED_AVAILABILITY = YES_AGGRESSIVE;
				CLANG_WARN_UNREACHABLE_CODE = YES;
				CLANG_WARN__DUPLICATE_METHOD_MATCH = YES;
				CODE_SIGN_IDENTITY = "iPhone Developer";
				COPY_PHASE_STRIP = NO;
				DEBUG_INFORMATION_FORMAT = dwarf;
				ENABLE_STRICT_OBJC_MSGSEND = YES;
				ENABLE_TESTABILITY = YES;
				GCC_C_LANGUAGE_STANDARD = gnu11;
				GCC_DYNAMIC_NO_PIC = NO;
				GCC_NO_COMMON_BLOCKS = YES;
				GCC_OPTIMIZATION_LEVEL = 0;
				GCC_PREPROCESSOR_DEFINITIONS = (
					"DEBUG=1",
					"$(inherited)",
				);
				GCC_WARN_64_TO_32_BIT_CONVERSION = YES;
				GCC_WARN_ABOUT_RETURN_TYPE = YES_ERROR;
				GCC_WARN_UNDECLARED_SELECTOR = YES;
				GCC_WARN_UNINITIALIZED_AUTOS = YES_AGGRESSIVE;
				GCC_WARN_UNUSED_FUNCTION = YES;
				GCC_WARN_UNUSED_VARIABLE = YES;
				IPHONEOS_DEPLOYMENT_TARGET = 12.1;
				MTL_ENABLE_DEBUG_INFO = INCLUDE_SOURCE;
				MTL_FAST_MATH = YES;
				ONLY_ACTIVE_ARCH = YES;
				SDKROOT = iphoneos;
				SWIFT_ACTIVE_COMPILATION_CONDITIONS = DEBUG;
				SWIFT_OPTIMIZATION_LEVEL = "-Onone";
			};
			name = Debug;
		};
		290CC4C02208370C00C47C48 /* Release */ = {
			isa = XCBuildConfiguration;
			buildSettings = {
				ALWAYS_SEARCH_USER_PATHS = NO;
				CLANG_ANALYZER_NONNULL = YES;
				CLANG_ANALYZER_NUMBER_OBJECT_CONVERSION = YES_AGGRESSIVE;
				CLANG_CXX_LANGUAGE_STANDARD = "gnu++14";
				CLANG_CXX_LIBRARY = "libc++";
				CLANG_ENABLE_MODULES = YES;
				CLANG_ENABLE_OBJC_ARC = YES;
				CLANG_ENABLE_OBJC_WEAK = YES;
				CLANG_WARN_BLOCK_CAPTURE_AUTORELEASING = YES;
				CLANG_WARN_BOOL_CONVERSION = YES;
				CLANG_WARN_COMMA = YES;
				CLANG_WARN_CONSTANT_CONVERSION = YES;
				CLANG_WARN_DEPRECATED_OBJC_IMPLEMENTATIONS = YES;
				CLANG_WARN_DIRECT_OBJC_ISA_USAGE = YES_ERROR;
				CLANG_WARN_DOCUMENTATION_COMMENTS = YES;
				CLANG_WARN_EMPTY_BODY = YES;
				CLANG_WARN_ENUM_CONVERSION = YES;
				CLANG_WARN_INFINITE_RECURSION = YES;
				CLANG_WARN_INT_CONVERSION = YES;
				CLANG_WARN_NON_LITERAL_NULL_CONVERSION = YES;
				CLANG_WARN_OBJC_IMPLICIT_RETAIN_SELF = YES;
				CLANG_WARN_OBJC_LITERAL_CONVERSION = YES;
				CLANG_WARN_OBJC_ROOT_CLASS = YES_ERROR;
				CLANG_WARN_RANGE_LOOP_ANALYSIS = YES;
				CLANG_WARN_STRICT_PROTOTYPES = YES;
				CLANG_WARN_SUSPICIOUS_MOVE = YES;
				CLANG_WARN_UNGUARDED_AVAILABILITY = YES_AGGRESSIVE;
				CLANG_WARN_UNREACHABLE_CODE = YES;
				CLANG_WARN__DUPLICATE_METHOD_MATCH = YES;
				CODE_SIGN_IDENTITY = "iPhone Developer";
				COPY_PHASE_STRIP = NO;
				DEBUG_INFORMATION_FORMAT = "dwarf-with-dsym";
				ENABLE_NS_ASSERTIONS = NO;
				ENABLE_STRICT_OBJC_MSGSEND = YES;
				GCC_C_LANGUAGE_STANDARD = gnu11;
				GCC_NO_COMMON_BLOCKS = YES;
				GCC_WARN_64_TO_32_BIT_CONVERSION = YES;
				GCC_WARN_ABOUT_RETURN_TYPE = YES_ERROR;
				GCC_WARN_UNDECLARED_SELECTOR = YES;
				GCC_WARN_UNINITIALIZED_AUTOS = YES_AGGRESSIVE;
				GCC_WARN_UNUSED_FUNCTION = YES;
				GCC_WARN_UNUSED_VARIABLE = YES;
				IPHONEOS_DEPLOYMENT_TARGET = 12.1;
				MTL_ENABLE_DEBUG_INFO = NO;
				MTL_FAST_MATH = YES;
				SDKROOT = iphoneos;
				SWIFT_COMPILATION_MODE = wholemodule;
				SWIFT_OPTIMIZATION_LEVEL = "-O";
				VALIDATE_PRODUCT = YES;
			};
			name = Release;
		};
		290CC4C22208370C00C47C48 /* Debug */ = {
			isa = XCBuildConfiguration;
			baseConfigurationReference = 356DA156D95BAE20DF79425B /* Pods-CloneAppstore.debug.xcconfig */;
			buildSettings = {
				ASSETCATALOG_COMPILER_APPICON_NAME = AppIcon;
				CODE_SIGN_STYLE = Automatic;
				INFOPLIST_FILE = "$(SRCROOT)/CloneAppstore/Resources/Info.plist";
				LD_RUNPATH_SEARCH_PATHS = (
					"$(inherited)",
					"@executable_path/Frameworks",
				);
				PRODUCT_BUNDLE_IDENTIFIER = com.github.jiwonsis.CloneAppstore;
				PRODUCT_NAME = "$(TARGET_NAME)";
				SWIFT_VERSION = 4.2;
				TARGETED_DEVICE_FAMILY = "1,2";
			};
			name = Debug;
		};
		290CC4C32208370C00C47C48 /* Release */ = {
			isa = XCBuildConfiguration;
			baseConfigurationReference = C09E750F5A7FD0B0EBD9674B /* Pods-CloneAppstore.release.xcconfig */;
			buildSettings = {
				ASSETCATALOG_COMPILER_APPICON_NAME = AppIcon;
				CODE_SIGN_STYLE = Automatic;
				INFOPLIST_FILE = "$(SRCROOT)/CloneAppstore/Resources/Info.plist";
				LD_RUNPATH_SEARCH_PATHS = (
					"$(inherited)",
					"@executable_path/Frameworks",
				);
				PRODUCT_BUNDLE_IDENTIFIER = com.github.jiwonsis.CloneAppstore;
				PRODUCT_NAME = "$(TARGET_NAME)";
				SWIFT_VERSION = 4.2;
				TARGETED_DEVICE_FAMILY = "1,2";
			};
			name = Release;
		};
		290CC4C52208370C00C47C48 /* Debug */ = {
			isa = XCBuildConfiguration;
			baseConfigurationReference = ACC11BCEBBBA8D1EDBA94F62 /* Pods-CloneAppstoreTests.debug.xcconfig */;
			buildSettings = {
				BUNDLE_LOADER = "$(TEST_HOST)";
				CODE_SIGN_STYLE = Automatic;
				INFOPLIST_FILE = CloneAppstoreTests/Info.plist;
				LD_RUNPATH_SEARCH_PATHS = (
					"$(inherited)",
					"@executable_path/Frameworks",
					"@loader_path/Frameworks",
				);
				PRODUCT_BUNDLE_IDENTIFIER = com.github.jiwonsis.CloneAppstoreTests;
				PRODUCT_NAME = "$(TARGET_NAME)";
				SWIFT_VERSION = 4.2;
				TARGETED_DEVICE_FAMILY = "1,2";
				TEST_HOST = "$(BUILT_PRODUCTS_DIR)/CloneAppstore.app/CloneAppstore";
			};
			name = Debug;
		};
		290CC4C62208370C00C47C48 /* Release */ = {
			isa = XCBuildConfiguration;
			baseConfigurationReference = 1062679CD59263D0856E63A4 /* Pods-CloneAppstoreTests.release.xcconfig */;
			buildSettings = {
				BUNDLE_LOADER = "$(TEST_HOST)";
				CODE_SIGN_STYLE = Automatic;
				INFOPLIST_FILE = CloneAppstoreTests/Info.plist;
				LD_RUNPATH_SEARCH_PATHS = (
					"$(inherited)",
					"@executable_path/Frameworks",
					"@loader_path/Frameworks",
				);
				PRODUCT_BUNDLE_IDENTIFIER = com.github.jiwonsis.CloneAppstoreTests;
				PRODUCT_NAME = "$(TARGET_NAME)";
				SWIFT_VERSION = 4.2;
				TARGETED_DEVICE_FAMILY = "1,2";
				TEST_HOST = "$(BUILT_PRODUCTS_DIR)/CloneAppstore.app/CloneAppstore";
			};
			name = Release;
		};
/* End XCBuildConfiguration section */

/* Begin XCConfigurationList section */
		290CC49F2208370A00C47C48 /* Build configuration list for PBXProject "CloneAppstore" */ = {
			isa = XCConfigurationList;
			buildConfigurations = (
				290CC4BF2208370C00C47C48 /* Debug */,
				290CC4C02208370C00C47C48 /* Release */,
			);
			defaultConfigurationIsVisible = 0;
			defaultConfigurationName = Release;
		};
		290CC4C12208370C00C47C48 /* Build configuration list for PBXNativeTarget "CloneAppstore" */ = {
			isa = XCConfigurationList;
			buildConfigurations = (
				290CC4C22208370C00C47C48 /* Debug */,
				290CC4C32208370C00C47C48 /* Release */,
			);
			defaultConfigurationIsVisible = 0;
			defaultConfigurationName = Release;
		};
		290CC4C42208370C00C47C48 /* Build configuration list for PBXNativeTarget "CloneAppstoreTests" */ = {
			isa = XCConfigurationList;
			buildConfigurations = (
				290CC4C52208370C00C47C48 /* Debug */,
				290CC4C62208370C00C47C48 /* Release */,
			);
			defaultConfigurationIsVisible = 0;
			defaultConfigurationName = Release;
		};
/* End XCConfigurationList section */
	};
	rootObject = 290CC49C2208370A00C47C48 /* Project object */;
}
